
Microsoft Visual Studio Solution File, Format Version 12.00
# Visual Studio Version 17
VisualStudioVersion = 17.14.36310.24 d17.14
MinimumVisualStudioVersion = 10.0.40219.1
Project("{FAE04EC0-301F-11D3-BF4B-00C04F79EFBC}") = "TicketSystem", "TicketSystem\TicketSystem.csproj", "{8FDD124E-36A7-4CC3-A3E2-BC194B82A993}"
EndProject
Global
	GlobalSection(SolutionConfigurationPlatforms) = preSolution
		Debug|Any CPU = Debug|Any CPU
		Release|Any CPU = Release|Any CPU
	EndGlobalSection
	GlobalSection(ProjectConfigurationPlatforms) = postSolution
		{8FDD124E-36A7-4CC3-A3E2-BC194B82A993}.Debug|Any CPU.ActiveCfg = Debug|Any CPU
		{8FDD124E-36A7-4CC3-A3E2-BC194B82A993}.Debug|Any CPU.Build.0 = Debug|Any CPU
		{8FDD124E-36A7-4CC3-A3E2-BC194B82A993}.Release|Any CPU.ActiveCfg = Release|Any CPU
		{8FDD124E-36A7-4CC3-A3E2-BC194B82A993}.Release|Any CPU.Build.0 = Release|Any CPU
	EndGlobalSection
	GlobalSection(SolutionProperties) = preSolution
		HideSolutionNode = FALSE
	EndGlobalSection
	GlobalSection(ExtensibilityGlobals) = postSolution
		SolutionGuid = {A40C3072-36E3-40E9-932A-41F5232371EA}
	EndGlobalSection
EndGlobal
